
Microsoft Visual Studio Solution File, Format Version 12.00
# Visual Studio 14
VisualStudioVersion = 14.0.25420.1
MinimumVisualStudioVersion = 10.0.40219.1
Project("{2150E333-8FDC-42A3-9474-1A3956D46DE8}") = "Algorithms", "Algorithms", "{ED525FE6-3EA5-4EEC-BDAE-DF5E311E144D}"
EndProject
Project("{2150E333-8FDC-42A3-9474-1A3956D46DE8}") = "Warmup", "Warmup", "{C9E3ACD1-2F8A-4DAB-B55F-4256C59CBD82}"
EndProject
Project("{FAE04EC0-301F-11D3-BF4B-00C04F79EFBC}") = "01-solve-me-first", "Algorithms\Warmup\01-solve-me-first\01-solve-me-first.csproj", "{0CB8590D-3C68-410F-9E77-CEB5E8677EB8}"
EndProject
Project("{FAE04EC0-301F-11D3-BF4B-00C04F79EFBC}") = "02-simple-array-sum", "Algorithms\Warmup\02-simple-array-sum\02-simple-array-sum.csproj", "{8CD88DD3-5AF0-4EF5-BC18-33720A61853B}"
EndProject
Project("{FAE04EC0-301F-11D3-BF4B-00C04F79EFBC}") = "03-compare-the-triplets", "Algorithms\Warmup\03-compare-the-triplets\03-compare-the-triplets.csproj", "{24BD7849-FD8F-47D4-9A97-EBE7CD055A65}"
EndProject
Project("{FAE04EC0-301F-11D3-BF4B-00C04F79EFBC}") = "04-a-very-big-sum", "Algorithms\Warmup\04-a-very-big-sum\04-a-very-big-sum.csproj", "{6BC402CB-5E33-433E-B461-77D3FDDBB1E0}"
EndProject
Project("{FAE04EC0-301F-11D3-BF4B-00C04F79EFBC}") = "06-plus-minus", "Algorithms\Warmup\06-plus-minus\06-plus-minus.csproj", "{3AC0CDF9-E166-4A83-89E2-C4371EBCE5CB}"
EndProject
Project("{FAE04EC0-301F-11D3-BF4B-00C04F79EFBC}") = "05-diagonal-difference", "Algorithms\Warmup\05-diagonal-difference\05-diagonal-difference.csproj", "{B796C658-F9E3-441F-BF5D-02AFA26E2FE1}"
EndProject
Project("{FAE04EC0-301F-11D3-BF4B-00C04F79EFBC}") = "07-staircase", "Algorithms\Warmup\07-staircase\07-staircase.csproj", "{6D59D419-677F-4EF9-BA60-29A19A57C179}"
EndProject
Global
	GlobalSection(SolutionConfigurationPlatforms) = preSolution
		Debug|Any CPU = Debug|Any CPU
		Release|Any CPU = Release|Any CPU
	EndGlobalSection
	GlobalSection(ProjectConfigurationPlatforms) = postSolution
		{0CB8590D-3C68-410F-9E77-CEB5E8677EB8}.Debug|Any CPU.ActiveCfg = Debug|Any CPU
		{0CB8590D-3C68-410F-9E77-CEB5E8677EB8}.Debug|Any CPU.Build.0 = Debug|Any CPU
		{0CB8590D-3C68-410F-9E77-CEB5E8677EB8}.Release|Any CPU.ActiveCfg = Release|Any CPU
		{0CB8590D-3C68-410F-9E77-CEB5E8677EB8}.Release|Any CPU.Build.0 = Release|Any CPU
		{8CD88DD3-5AF0-4EF5-BC18-33720A61853B}.Debug|Any CPU.ActiveCfg = Debug|Any CPU
		{8CD88DD3-5AF0-4EF5-BC18-33720A61853B}.Debug|Any CPU.Build.0 = Debug|Any CPU
		{8CD88DD3-5AF0-4EF5-BC18-33720A61853B}.Release|Any CPU.ActiveCfg = Release|Any CPU
		{8CD88DD3-5AF0-4EF5-BC18-33720A61853B}.Release|Any CPU.Build.0 = Release|Any CPU
		{24BD7849-FD8F-47D4-9A97-EBE7CD055A65}.Debug|Any CPU.ActiveCfg = Debug|Any CPU
		{24BD7849-FD8F-47D4-9A97-EBE7CD055A65}.Debug|Any CPU.Build.0 = Debug|Any CPU
		{24BD7849-FD8F-47D4-9A97-EBE7CD055A65}.Release|Any CPU.ActiveCfg = Release|Any CPU
		{24BD7849-FD8F-47D4-9A97-EBE7CD055A65}.Release|Any CPU.Build.0 = Release|Any CPU
		{6BC402CB-5E33-433E-B461-77D3FDDBB1E0}.Debug|Any CPU.ActiveCfg = Debug|Any CPU
		{6BC402CB-5E33-433E-B461-77D3FDDBB1E0}.Debug|Any CPU.Build.0 = Debug|Any CPU
		{6BC402CB-5E33-433E-B461-77D3FDDBB1E0}.Release|Any CPU.ActiveCfg = Release|Any CPU
		{6BC402CB-5E33-433E-B461-77D3FDDBB1E0}.Release|Any CPU.Build.0 = Release|Any CPU
		{3AC0CDF9-E166-4A83-89E2-C4371EBCE5CB}.Debug|Any CPU.ActiveCfg = Debug|Any CPU
		{3AC0CDF9-E166-4A83-89E2-C4371EBCE5CB}.Debug|Any CPU.Build.0 = Debug|Any CPU
		{3AC0CDF9-E166-4A83-89E2-C4371EBCE5CB}.Release|Any CPU.ActiveCfg = Release|Any CPU
		{3AC0CDF9-E166-4A83-89E2-C4371EBCE5CB}.Release|Any CPU.Build.0 = Release|Any CPU
		{B796C658-F9E3-441F-BF5D-02AFA26E2FE1}.Debug|Any CPU.ActiveCfg = Debug|Any CPU
		{B796C658-F9E3-441F-BF5D-02AFA26E2FE1}.Debug|Any CPU.Build.0 = Debug|Any CPU
		{B796C658-F9E3-441F-BF5D-02AFA26E2FE1}.Release|Any CPU.ActiveCfg = Release|Any CPU
		{B796C658-F9E3-441F-BF5D-02AFA26E2FE1}.Release|Any CPU.Build.0 = Release|Any CPU
		{6D59D419-677F-4EF9-BA60-29A19A57C179}.Debug|Any CPU.ActiveCfg = Debug|Any CPU
		{6D59D419-677F-4EF9-BA60-29A19A57C179}.Debug|Any CPU.Build.0 = Debug|Any CPU
		{6D59D419-677F-4EF9-BA60-29A19A57C179}.Release|Any CPU.ActiveCfg = Release|Any CPU
		{6D59D419-677F-4EF9-BA60-29A19A57C179}.Release|Any CPU.Build.0 = Release|Any CPU
	EndGlobalSection
	GlobalSection(SolutionProperties) = preSolution
		HideSolutionNode = FALSE
	EndGlobalSection
	GlobalSection(NestedProjects) = preSolution
		{C9E3ACD1-2F8A-4DAB-B55F-4256C59CBD82} = {ED525FE6-3EA5-4EEC-BDAE-DF5E311E144D}
		{0CB8590D-3C68-410F-9E77-CEB5E8677EB8} = {C9E3ACD1-2F8A-4DAB-B55F-4256C59CBD82}
		{8CD88DD3-5AF0-4EF5-BC18-33720A61853B} = {C9E3ACD1-2F8A-4DAB-B55F-4256C59CBD82}
		{24BD7849-FD8F-47D4-9A97-EBE7CD055A65} = {C9E3ACD1-2F8A-4DAB-B55F-4256C59CBD82}
		{6BC402CB-5E33-433E-B461-77D3FDDBB1E0} = {C9E3ACD1-2F8A-4DAB-B55F-4256C59CBD82}
		{3AC0CDF9-E166-4A83-89E2-C4371EBCE5CB} = {C9E3ACD1-2F8A-4DAB-B55F-4256C59CBD82}
		{B796C658-F9E3-441F-BF5D-02AFA26E2FE1} = {C9E3ACD1-2F8A-4DAB-B55F-4256C59CBD82}
		{6D59D419-677F-4EF9-BA60-29A19A57C179} = {C9E3ACD1-2F8A-4DAB-B55F-4256C59CBD82}
	EndGlobalSection
EndGlobal
